// !$*UTF8*$!
{
	archiveVersion = 1;
	classes = {
	};
	objectVersion = 77;
	objects = {

/* Begin PBXBuildFile section */
		30663A872CEA4CB200CFB8CA /* KmpLib.xcframework in Frameworks */ = {isa = PBXBuildFile; fileRef = 30663A862CEA4CB200CFB8CA /* KmpLib.xcframework */; };
		30663A882CEA4CB200CFB8CA /* KmpLib.xcframework in Embed Frameworks */ = {isa = PBXBuildFile; fileRef = 30663A862CEA4CB200CFB8CA /* KmpLib.xcframework */; settings = {ATTRIBUTES = (CodeSignOnCopy, RemoveHeadersOnCopy, ); }; };
/* End PBXBuildFile section */

/* Begin PBXContainerItemProxy section */
		30663A5C2CEA339300CFB8CA /* PBXContainerItemProxy */ = {
			isa = PBXContainerItemProxy;
			containerPortal = 30663A432CEA338F00CFB8CA /* Project object */;
			proxyType = 1;
			remoteGlobalIDString = 30663A4A2CEA338F00CFB8CA;
			remoteInfo = "ios-kmp";
		};
		30663A662CEA339300CFB8CA /* PBXContainerItemProxy */ = {
			isa = PBXContainerItemProxy;
			containerPortal = 30663A432CEA338F00CFB8CA /* Project object */;
			proxyType = 1;
			remoteGlobalIDString = 30663A4A2CEA338F00CFB8CA;
			remoteInfo = "ios-kmp";
		};
/* End PBXContainerItemProxy section */

/* Begin PBXCopyFilesBuildPhase section */
		30663A7C2CEA33FA00CFB8CA /* Embed Frameworks */ = {
			isa = PBXCopyFilesBuildPhase;
			buildActionMask = 2147483647;
			dstPath = "";
			dstSubfolderSpec = 10;
			files = (
				30663A882CEA4CB200CFB8CA /* KmpLib.xcframework in Embed Frameworks */,
			);
			name = "Embed Frameworks";
			runOnlyForDeploymentPostprocessing = 0;
		};
/* End PBXCopyFilesBuildPhase section */

/* Begin PBXFileReference section */
		30663A4B2CEA338F00CFB8CA /* ios-kmp.app */ = {isa = PBXFileReference; explicitFileType = wrapper.application; includeInIndex = 0; path = "ios-kmp.app"; sourceTree = BUILT_PRODUCTS_DIR; };
		30663A5B2CEA339300CFB8CA /* ios-kmpTests.xctest */ = {isa = PBXFileReference; explicitFileType = wrapper.cfbundle; includeInIndex = 0; path = "ios-kmpTests.xctest"; sourceTree = BUILT_PRODUCTS_DIR; };
		30663A652CEA339300CFB8CA /* ios-kmpUITests.xctest */ = {isa = PBXFileReference; explicitFileType = wrapper.cfbundle; includeInIndex = 0; path = "ios-kmpUITests.xctest"; sourceTree = BUILT_PRODUCTS_DIR; };
		30663A862CEA4CB200CFB8CA /* KmpLib.xcframework */ = {isa = PBXFileReference; lastKnownFileType = wrapper.xcframework; name = KmpLib.xcframework; path = "../kmp-lib/library/build/XCFrameworks/debug/KmpLib.xcframework"; sourceTree = "<group>"; };
/* End PBXFileReference section */

/* Begin PBXFileSystemSynchronizedRootGroup section */
		30663A4D2CEA338F00CFB8CA /* ios-kmp */ = {
			isa = PBXFileSystemSynchronizedRootGroup;
			path = "ios-kmp";
			sourceTree = "<group>";
		};
		30663A5E2CEA339300CFB8CA /* ios-kmpTests */ = {
			isa = PBXFileSystemSynchronizedRootGroup;
			path = "ios-kmpTests";
			sourceTree = "<group>";
		};
		30663A682CEA339300CFB8CA /* ios-kmpUITests */ = {
			isa = PBXFileSystemSynchronizedRootGroup;
			path = "ios-kmpUITests";
			sourceTree = "<group>";
		};
/* End PBXFileSystemSynchronizedRootGroup section */

/* Begin PBXFrameworksBuildPhase section */
		30663A482CEA338F00CFB8CA /* Frameworks */ = {
			isa = PBXFrameworksBuildPhase;
			buildActionMask = 2147483647;
			files = (
				30663A872CEA4CB200CFB8CA /* KmpLib.xcframework in Frameworks */,
			);
			runOnlyForDeploymentPostprocessing = 0;
		};
		30663A582CEA339300CFB8CA /* Frameworks */ = {
			isa = PBXFrameworksBuildPhase;
			buildActionMask = 2147483647;
			files = (
			);
			runOnlyForDeploymentPostprocessing = 0;
		};
		30663A622CEA339300CFB8CA /* Frameworks */ = {
			isa = PBXFrameworksBuildPhase;
			buildActionMask = 2147483647;
			files = (
			);
			runOnlyForDeploymentPostprocessing = 0;
		};
/* End PBXFrameworksBuildPhase section */

/* Begin PBXGroup section */
		30663A422CEA338F00CFB8CA = {
			isa = PBXGroup;
			children = (
				30663A4D2CEA338F00CFB8CA /* ios-kmp */,
				30663A5E2CEA339300CFB8CA /* ios-kmpTests */,
				30663A682CEA339300CFB8CA /* ios-kmpUITests */,
				30663A782CEA33F900CFB8CA /* Frameworks */,
				30663A4C2CEA338F00CFB8CA /* Products */,
			);
			sourceTree = "<group>";
		};
		30663A4C2CEA338F00CFB8CA /* Products */ = {
			isa = PBXGroup;
			children = (
				30663A4B2CEA338F00CFB8CA /* ios-kmp.app */,
				30663A5B2CEA339300CFB8CA /* ios-kmpTests.xctest */,
				30663A652CEA339300CFB8CA /* ios-kmpUITests.xctest */,
			);
			name = Products;
			sourceTree = "<group>";
		};
		30663A782CEA33F900CFB8CA /* Frameworks */ = {
			isa = PBXGroup;
			children = (
				30663A862CEA4CB200CFB8CA /* KmpLib.xcframework */,
			);
			name = Frameworks;
			sourceTree = "<group>";
		};
/* End PBXGroup section */

/* Begin PBXNativeTarget section */
		30663A4A2CEA338F00CFB8CA /* ios-kmp */ = {
			isa = PBXNativeTarget;
			buildConfigurationList = 30663A6F2CEA339300CFB8CA /* Build configuration list for PBXNativeTarget "ios-kmp" */;
			buildPhases = (
				30663A472CEA338F00CFB8CA /* Sources */,
				30663A482CEA338F00CFB8CA /* Frameworks */,
				30663A492CEA338F00CFB8CA /* Resources */,
				30663A7C2CEA33FA00CFB8CA /* Embed Frameworks */,
			);
			buildRules = (
			);
			dependencies = (
			);
			fileSystemSynchronizedGroups = (
				30663A4D2CEA338F00CFB8CA /* ios-kmp */,
			);
			name = "ios-kmp";
			packageProductDependencies = (
			);
			productName = "ios-kmp";
			productReference = 30663A4B2CEA338F00CFB8CA /* ios-kmp.app */;
			productType = "com.apple.product-type.application";
		};
		30663A5A2CEA339300CFB8CA /* ios-kmpTests */ = {
			isa = PBXNativeTarget;
			buildConfigurationList = 30663A722CEA339300CFB8CA /* Build configuration list for PBXNativeTarget "ios-kmpTests" */;
			buildPhases = (
				30663A572CEA339300CFB8CA /* Sources */,
				30663A582CEA339300CFB8CA /* Frameworks */,
				30663A592CEA339300CFB8CA /* Resources */,
			);
			buildRules = (
			);
			dependencies = (
				30663A5D2CEA339300CFB8CA /* PBXTargetDependency */,
			);
			fileSystemSynchronizedGroups = (
				30663A5E2CEA339300CFB8CA /* ios-kmpTests */,
			);
			name = "ios-kmpTests";
			packageProductDependencies = (
			);
			productName = "ios-kmpTests";
			productReference = 30663A5B2CEA339300CFB8CA /* ios-kmpTests.xctest */;
			productType = "com.apple.product-type.bundle.unit-test";
		};
		30663A642CEA339300CFB8CA /* ios-kmpUITests */ = {
			isa = PBXNativeTarget;
			buildConfigurationList = 30663A752CEA339300CFB8CA /* Build configuration list for PBXNativeTarget "ios-kmpUITests" */;
			buildPhases = (
				30663A612CEA339300CFB8CA /* Sources */,
				30663A622CEA339300CFB8CA /* Frameworks */,
				30663A632CEA339300CFB8CA /* Resources */,
			);
			buildRules = (
			);
			dependencies = (
				30663A672CEA339300CFB8CA /* PBXTargetDependency */,
			);
			fileSystemSynchronizedGroups = (
				30663A682CEA339300CFB8CA /* ios-kmpUITests */,
			);
			name = "ios-kmpUITests";
			packageProductDependencies = (
			);
			productName = "ios-kmpUITests";
			productReference = 30663A652CEA339300CFB8CA /* ios-kmpUITests.xctest */;
			productType = "com.apple.product-type.bundle.ui-testing";
		};
/* End PBXNativeTarget section */

/* Begin PBXProject section */
		30663A432CEA338F00CFB8CA /* Project object */ = {
			isa = PBXProject;
			attributes = {
				BuildIndependentTargetsInParallel = 1;
				LastSwiftUpdateCheck = 1600;
				LastUpgradeCheck = 1600;
				TargetAttributes = {
					30663A4A2CEA338F00CFB8CA = {
						CreatedOnToolsVersion = 16.0;
					};
					30663A5A2CEA339300CFB8CA = {
						CreatedOnToolsVersion = 16.0;
						TestTargetID = 30663A4A2CEA338F00CFB8CA;
					};
					30663A642CEA339300CFB8CA = {
						CreatedOnToolsVersion = 16.0;
						TestTargetID = 30663A4A2CEA338F00CFB8CA;
					};
				};
			};
			buildConfigurationList = 30663A462CEA338F00CFB8CA /* Build configuration list for PBXProject "ios-kmp" */;
			developmentRegion = en;
			hasScannedForEncodings = 0;
			knownRegions = (
				en,
				Base,
			);
			mainGroup = 30663A422CEA338F00CFB8CA;
			minimizedProjectReferenceProxies = 1;
			preferredProjectObjectVersion = 77;
			productRefGroup = 30663A4C2CEA338F00CFB8CA /* Products */;
			projectDirPath = "";
			projectRoot = "";
			targets = (
				30663A4A2CEA338F00CFB8CA /* ios-kmp */,
				30663A5A2CEA339300CFB8CA /* ios-kmpTests */,
				30663A642CEA339300CFB8CA /* ios-kmpUITests */,
			);
		};
/* End PBXProject section */

/* Begin PBXResourcesBuildPhase section */
		30663A492CEA338F00CFB8CA /* Resources */ = {
			isa = PBXResourcesBuildPhase;
			buildActionMask = 2147483647;
			files = (
			);
			runOnlyForDeploymentPostprocessing = 0;
		};
		30663A592CEA339300CFB8CA /* Resources */ = {
			isa = PBXResourcesBuildPhase;
			buildActionMask = 2147483647;
			files = (
			);
			runOnlyForDeploymentPostprocessing = 0;
		};
		30663A632CEA339300CFB8CA /* Resources */ = {
			isa = PBXResourcesBuildPhase;
			buildActionMask = 2147483647;
			files = (
			);
			runOnlyForDeploymentPostprocessing = 0;
		};
/* End PBXResourcesBuildPhase section */

/* Begin PBXSourcesBuildPhase section */
		30663A472CEA338F00CFB8CA /* Sources */ = {
			isa = PBXSourcesBuildPhase;
			buildActionMask = 2147483647;
			files = (
			);
			runOnlyForDeploymentPostprocessing = 0;
		};
		30663A572CEA339300CFB8CA /* Sources */ = {
			isa = PBXSourcesBuildPhase;
			buildActionMask = 2147483647;
			files = (
			);
			runOnlyForDeploymentPostprocessing = 0;
		};
		30663A612CEA339300CFB8CA /* Sources */ = {
			isa = PBXSourcesBuildPhase;
			buildActionMask = 2147483647;
			files = (
			);
			runOnlyForDeploymentPostprocessing = 0;
		};
/* End PBXSourcesBuildPhase section */

/* Begin PBXTargetDependency section */
		30663A5D2CEA339300CFB8CA /* PBXTargetDependency */ = {
			isa = PBXTargetDependency;
			target = 30663A4A2CEA338F00CFB8CA /* ios-kmp */;
			targetProxy = 30663A5C2CEA339300CFB8CA /* PBXContainerItemProxy */;
		};
		30663A672CEA339300CFB8CA /* PBXTargetDependency */ = {
			isa = PBXTargetDependency;
			target = 30663A4A2CEA338F00CFB8CA /* ios-kmp */;
			targetProxy = 30663A662CEA339300CFB8CA /* PBXContainerItemProxy */;
		};
/* End PBXTargetDependency section */

/* Begin XCBuildConfiguration section */
		30663A6D2CEA339300CFB8CA /* Debug */ = {
			isa = XCBuildConfiguration;
			buildSettings = {
				ALWAYS_SEARCH_USER_PATHS = NO;
				ASSETCATALOG_COMPILER_GENERATE_SWIFT_ASSET_SYMBOL_EXTENSIONS = YES;
				CLANG_ANALYZER_NONNULL = YES;
				CLANG_ANALYZER_NUMBER_OBJECT_CONVERSION = YES_AGGRESSIVE;
				CLANG_CXX_LANGUAGE_STANDARD = "gnu++20";
				CLANG_ENABLE_MODULES = YES;
				CLANG_ENABLE_OBJC_ARC = YES;
				CLANG_ENABLE_OBJC_WEAK = YES;
				CLANG_WARN_BLOCK_CAPTURE_AUTORELEASING = YES;
				CLANG_WARN_BOOL_CONVERSION = YES;
				CLANG_WARN_COMMA = YES;
				CLANG_WARN_CONSTANT_CONVERSION = YES;
				CLANG_WARN_DEPRECATED_OBJC_IMPLEMENTATIONS = YES;
				CLANG_WARN_DIRECT_OBJC_ISA_USAGE = YES_ERROR;
				CLANG_WARN_DOCUMENTATION_COMMENTS = YES;
				CLANG_WARN_EMPTY_BODY = YES;
				CLANG_WARN_ENUM_CONVERSION = YES;
				CLANG_WARN_INFINITE_RECURSION = YES;
				CLANG_WARN_INT_CONVERSION = YES;
				CLANG_WARN_NON_LITERAL_NULL_CONVERSION = YES;
				CLANG_WARN_OBJC_IMPLICIT_RETAIN_SELF = YES;
				CLANG_WARN_OBJC_LITERAL_CONVERSION = YES;
				CLANG_WARN_OBJC_ROOT_CLASS = YES_ERROR;
				CLANG_WARN_QUOTED_INCLUDE_IN_FRAMEWORK_HEADER = YES;
				CLANG_WARN_RANGE_LOOP_ANALYSIS = YES;
				CLANG_WARN_STRICT_PROTOTYPES = YES;
				CLANG_WARN_SUSPICIOUS_MOVE = YES;
				CLANG_WARN_UNGUARDED_AVAILABILITY = YES_AGGRESSIVE;
				CLANG_WARN_UNREACHABLE_CODE = YES;
				CLANG_WARN__DUPLICATE_METHOD_MATCH = YES;
				COPY_PHASE_STRIP = NO;
				DEBUG_INFORMATION_FORMAT = dwarf;
				ENABLE_STRICT_OBJC_MSGSEND = YES;
				ENABLE_TESTABILITY = YES;
				ENABLE_USER_SCRIPT_SANDBOXING = YES;
				GCC_C_LANGUAGE_STANDARD = gnu17;
				GCC_DYNAMIC_NO_PIC = NO;
				GCC_NO_COMMON_BLOCKS = YES;
				GCC_OPTIMIZATION_LEVEL = 0;
				GCC_PREPROCESSOR_DEFINITIONS = (
					"DEBUG=1",
					"$(inherited)",
				);
				GCC_WARN_64_TO_32_BIT_CONVERSION = YES;
				GCC_WARN_ABOUT_RETURN_TYPE = YES_ERROR;
				GCC_WARN_UNDECLARED_SELECTOR = YES;
				GCC_WARN_UNINITIALIZED_AUTOS = YES_AGGRESSIVE;
				GCC_WARN_UNUSED_FUNCTION = YES;
				GCC_WARN_UNUSED_VARIABLE = YES;
				IPHONEOS_DEPLOYMENT_TARGET = 18.0;
				LOCALIZATION_PREFERS_STRING_CATALOGS = YES;
				MTL_ENABLE_DEBUG_INFO = INCLUDE_SOURCE;
				MTL_FAST_MATH = YES;
				ONLY_ACTIVE_ARCH = YES;
				SDKROOT = iphoneos;
				SWIFT_ACTIVE_COMPILATION_CONDITIONS = "DEBUG $(inherited)";
				SWIFT_OPTIMIZATION_LEVEL = "-Onone";
			};
			name = Debug;
		};
		30663A6E2CEA339300CFB8CA /* Release */ = {
			isa = XCBuildConfiguration;
			buildSettings = {
				ALWAYS_SEARCH_USER_PATHS = NO;
				ASSETCATALOG_COMPILER_GENERATE_SWIFT_ASSET_SYMBOL_EXTENSIONS = YES;
				CLANG_ANALYZER_NONNULL = YES;
				CLANG_ANALYZER_NUMBER_OBJECT_CONVERSION = YES_AGGRESSIVE;
				CLANG_CXX_LANGUAGE_STANDARD = "gnu++20";
				CLANG_ENABLE_MODULES = YES;
				CLANG_ENABLE_OBJC_ARC = YES;
				CLANG_ENABLE_OBJC_WEAK = YES;
				CLANG_WARN_BLOCK_CAPTURE_AUTORELEASING = YES;
				CLANG_WARN_BOOL_CONVERSION = YES;
				CLANG_WARN_COMMA = YES;
				CLANG_WARN_CONSTANT_CONVERSION = YES;
				CLANG_WARN_DEPRECATED_OBJC_IMPLEMENTATIONS = YES;
				CLANG_WARN_DIRECT_OBJC_ISA_USAGE = YES_ERROR;
				CLANG_WARN_DOCUMENTATION_COMMENTS = YES;
				CLANG_WARN_EMPTY_BODY = YES;
				CLANG_WARN_ENUM_CONVERSION = YES;
				CLANG_WARN_INFINITE_RECURSION = YES;
				CLANG_WARN_INT_CONVERSION = YES;
				CLANG_WARN_NON_LITERAL_NULL_CONVERSION = YES;
				CLANG_WARN_OBJC_IMPLICIT_RETAIN_SELF = YES;
				CLANG_WARN_OBJC_LITERAL_CONVERSION = YES;
				CLANG_WARN_OBJC_ROOT_CLASS = YES_ERROR;
				CLANG_WARN_QUOTED_INCLUDE_IN_FRAMEWORK_HEADER = YES;
				CLANG_WARN_RANGE_LOOP_ANALYSIS = YES;
				CLANG_WARN_STRICT_PROTOTYPES = YES;
				CLANG_WARN_SUSPICIOUS_MOVE = YES;
				CLANG_WARN_UNGUARDED_AVAILABILITY = YES_AGGRESSIVE;
				CLANG_WARN_UNREACHABLE_CODE = YES;
				CLANG_WARN__DUPLICATE_METHOD_MATCH = YES;
				COPY_PHASE_STRIP = NO;
				DEBUG_INFORMATION_FORMAT = "dwarf-with-dsym";
				ENABLE_NS_ASSERTIONS = NO;
				ENABLE_STRICT_OBJC_MSGSEND = YES;
				ENABLE_USER_SCRIPT_SANDBOXING = YES;
				GCC_C_LANGUAGE_STANDARD = gnu17;
				GCC_NO_COMMON_BLOCKS = YES;
				GCC_WARN_64_TO_32_BIT_CONVERSION = YES;
				GCC_WARN_ABOUT_RETURN_TYPE = YES_ERROR;
				GCC_WARN_UNDECLARED_SELECTOR = YES;
				GCC_WARN_UNINITIALIZED_AUTOS = YES_AGGRESSIVE;
				GCC_WARN_UNUSED_FUNCTION = YES;
				GCC_WARN_UNUSED_VARIABLE = YES;
				IPHONEOS_DEPLOYMENT_TARGET = 18.0;
				LOCALIZATION_PREFERS_STRING_CATALOGS = YES;
				MTL_ENABLE_DEBUG_INFO = NO;
				MTL_FAST_MATH = YES;
				SDKROOT = iphoneos;
				SWIFT_COMPILATION_MODE = wholemodule;
				VALIDATE_PRODUCT = YES;
			};
			name = Release;
		};
		30663A702CEA339300CFB8CA /* Debug */ = {
			isa = XCBuildConfiguration;
			buildSettings = {
				ASSETCATALOG_COMPILER_APPICON_NAME = AppIcon;
				ASSETCATALOG_COMPILER_GLOBAL_ACCENT_COLOR_NAME = AccentColor;
				CODE_SIGN_STYLE = Automatic;
				CURRENT_PROJECT_VERSION = 1;
				DEVELOPMENT_ASSET_PATHS = "\"ios-kmp/Preview Content\"";
				ENABLE_PREVIEWS = YES;
				"FRAMEWORK_SEARCH_PATHS[arch=*]" = "";
				GENERATE_INFOPLIST_FILE = YES;
				INFOPLIST_KEY_UIApplicationSceneManifest_Generation = YES;
				INFOPLIST_KEY_UIApplicationSupportsIndirectInputEvents = YES;
				INFOPLIST_KEY_UILaunchScreen_Generation = YES;
				INFOPLIST_KEY_UISupportedInterfaceOrientations_iPad = "UIInterfaceOrientationPortrait UIInterfaceOrientationPortraitUpsideDown UIInterfaceOrientationLandscapeLeft UIInterfaceOrientationLandscapeRight";
				INFOPLIST_KEY_UISupportedInterfaceOrientations_iPhone = "UIInterfaceOrientationPortrait UIInterfaceOrientationLandscapeLeft UIInterfaceOrientationLandscapeRight";
				LD_RUNPATH_SEARCH_PATHS = (
					"$(inherited)",
					"@executable_path/Frameworks",
				);
				MARKETING_VERSION = 1.0;
				PRODUCT_BUNDLE_IDENTIFIER = "io.github.arskov.ios-kmp";
				PRODUCT_NAME = "$(TARGET_NAME)";
				SWIFT_EMIT_LOC_STRINGS = YES;
				SWIFT_VERSION = 5.0;
				TARGETED_DEVICE_FAMILY = "1,2";
			};
			name = Debug;
		};
		30663A712CEA339300CFB8CA /* Release */ = {
			isa = XCBuildConfiguration;
			buildSettings = {
				ASSETCATALOG_COMPILER_APPICON_NAME = AppIcon;
				ASSETCATALOG_COMPILER_GLOBAL_ACCENT_COLOR_NAME = AccentColor;
				CODE_SIGN_STYLE = Automatic;
				CURRENT_PROJECT_VERSION = 1;
				DEVELOPMENT_ASSET_PATHS = "\"ios-kmp/Preview Content\"";
				ENABLE_PREVIEWS = YES;
				GENERATE_INFOPLIST_FILE = YES;
				INFOPLIST_KEY_UIApplicationSceneManifest_Generation = YES;
				INFOPLIST_KEY_UIApplicationSupportsIndirectInputEvents = YES;
				INFOPLIST_KEY_UILaunchScreen_Generation = YES;
				INFOPLIST_KEY_UISupportedInterfaceOrientations_iPad = "UIInterfaceOrientationPortrait UIInterfaceOrientationPortraitUpsideDown UIInterfaceOrientationLandscapeLeft UIInterfaceOrientationLandscapeRight";
				INFOPLIST_KEY_UISupportedInterfaceOrientations_iPhone = "UIInterfaceOrientationPortrait UIInterfaceOrientationLandscapeLeft UIInterfaceOrientationLandscapeRight";
				LD_RUNPATH_SEARCH_PATHS = (
					"$(inherited)",
					"@executable_path/Frameworks",
				);
				MARKETING_VERSION = 1.0;
				PRODUCT_BUNDLE_IDENTIFIER = "io.github.arskov.ios-kmp";
				PRODUCT_NAME = "$(TARGET_NAME)";
				SWIFT_EMIT_LOC_STRINGS = YES;
				SWIFT_VERSION = 5.0;
				TARGETED_DEVICE_FAMILY = "1,2";
			};
			name = Release;
		};
		30663A732CEA339300CFB8CA /* Debug */ = {
			isa = XCBuildConfiguration;
			buildSettings = {
				BUNDLE_LOADER = "$(TEST_HOST)";
				CODE_SIGN_STYLE = Automatic;
				CURRENT_PROJECT_VERSION = 1;
				GENERATE_INFOPLIST_FILE = YES;
				IPHONEOS_DEPLOYMENT_TARGET = 18.0;
				MARKETING_VERSION = 1.0;
				PRODUCT_BUNDLE_IDENTIFIER = "io.github.arskov.ios-kmpTests";
				PRODUCT_NAME = "$(TARGET_NAME)";
				SWIFT_EMIT_LOC_STRINGS = NO;
				SWIFT_VERSION = 5.0;
				TARGETED_DEVICE_FAMILY = "1,2";
				TEST_HOST = "$(BUILT_PRODUCTS_DIR)/ios-kmp.app/$(BUNDLE_EXECUTABLE_FOLDER_PATH)/ios-kmp";
			};
			name = Debug;
		};
		30663A742CEA339300CFB8CA /* Release */ = {
			isa = XCBuildConfiguration;
			buildSettings = {
				BUNDLE_LOADER = "$(TEST_HOST)";
				CODE_SIGN_STYLE = Automatic;
				CURRENT_PROJECT_VERSION = 1;
				GENERATE_INFOPLIST_FILE = YES;
				IPHONEOS_DEPLOYMENT_TARGET = 18.0;
				MARKETING_VERSION = 1.0;
				PRODUCT_BUNDLE_IDENTIFIER = "io.github.arskov.ios-kmpTests";
				PRODUCT_NAME = "$(TARGET_NAME)";
				SWIFT_EMIT_LOC_STRINGS = NO;
				SWIFT_VERSION = 5.0;
				TARGETED_DEVICE_FAMILY = "1,2";
				TEST_HOST = "$(BUILT_PRODUCTS_DIR)/ios-kmp.app/$(BUNDLE_EXECUTABLE_FOLDER_PATH)/ios-kmp";
			};
			name = Release;
		};
		30663A762CEA339300CFB8CA /* Debug */ = {
			isa = XCBuildConfiguration;
			buildSettings = {
				CODE_SIGN_STYLE = Automatic;
				CURRENT_PROJECT_VERSION = 1;
				GENERATE_INFOPLIST_FILE = YES;
				MARKETING_VERSION = 1.0;
				PRODUCT_BUNDLE_IDENTIFIER = "io.github.arskov.ios-kmpUITests";
				PRODUCT_NAME = "$(TARGET_NAME)";
				SWIFT_EMIT_LOC_STRINGS = NO;
				SWIFT_VERSION = 5.0;
				TARGETED_DEVICE_FAMILY = "1,2";
				TEST_TARGET_NAME = "ios-kmp";
			};
			name = Debug;
		};
		30663A772CEA339300CFB8CA /* Release */ = {
			isa = XCBuildConfiguration;
			buildSettings = {
				CODE_SIGN_STYLE = Automatic;
				CURRENT_PROJECT_VERSION = 1;
				GENERATE_INFOPLIST_FILE = YES;
				MARKETING_VERSION = 1.0;
				PRODUCT_BUNDLE_IDENTIFIER = "io.github.arskov.ios-kmpUITests";
				PRODUCT_NAME = "$(TARGET_NAME)";
				SWIFT_EMIT_LOC_STRINGS = NO;
				SWIFT_VERSION = 5.0;
				TARGETED_DEVICE_FAMILY = "1,2";
				TEST_TARGET_NAME = "ios-kmp";
			};
			name = Release;
		};
/* End XCBuildConfiguration section */

/* Begin XCConfigurationList section */
		30663A462CEA338F00CFB8CA /* Build configuration list for PBXProject "ios-kmp" */ = {
			isa = XCConfigurationList;
			buildConfigurations = (
				30663A6D2CEA339300CFB8CA /* Debug */,
				30663A6E2CEA339300CFB8CA /* Release */,
			);
			defaultConfigurationIsVisible = 0;
			defaultConfigurationName = Release;
		};
		30663A6F2CEA339300CFB8CA /* Build configuration list for PBXNativeTarget "ios-kmp" */ = {
			isa = XCConfigurationList;
			buildConfigurations = (
				30663A702CEA339300CFB8CA /* Debug */,
				30663A712CEA339300CFB8CA /* Release */,
			);
			defaultConfigurationIsVisible = 0;
			defaultConfigurationName = Release;
		};
		30663A722CEA339300CFB8CA /* Build configuration list for PBXNativeTarget "ios-kmpTests" */ = {
			isa = XCConfigurationList;
			buildConfigurations = (
				30663A732CEA339300CFB8CA /* Debug */,
				30663A742CEA339300CFB8CA /* Release */,
			);
			defaultConfigurationIsVisible = 0;
			defaultConfigurationName = Release;
		};
		30663A752CEA339300CFB8CA /* Build configuration list for PBXNativeTarget "ios-kmpUITests" */ = {
			isa = XCConfigurationList;
			buildConfigurations = (
				30663A762CEA339300CFB8CA /* Debug */,
				30663A772CEA339300CFB8CA /* Release */,
			);
			defaultConfigurationIsVisible = 0;
			defaultConfigurationName = Release;
		};
/* End XCConfigurationList section */
	};
	rootObject = 30663A432CEA338F00CFB8CA /* Project object */;
}
